{
  "version": 1,
  "dependencies": {
    ".NETCoreApp,Version=v3.1": {
      "System.IdentityModel.Tokens.Jwt": {
        "type": "Direct",
        "requested": "[6.6.0, )",
        "resolved": "6.6.0",
        "contentHash": "irSFzRuejokJUb0z/tkHq1x0WCCuk8wtJ85Sql7YaUqSQXPLmKi7zFjVI1UAUX+yANmD673VwN+n64lEq/vW6Q==",
        "dependencies": {
          "Microsoft.IdentityModel.JsonWebTokens": "6.6.0",
          "Microsoft.IdentityModel.Tokens": "6.6.0"
        }
      },
      "Microsoft.CSharp": {
        "type": "Transitive",
        "resolved": "4.5.0",
        "contentHash": "kaj6Wb4qoMuH3HySFJhxwQfe8R/sJsNJnANrvv8WdFPMoNbKY5htfNscv+LHCu5ipz+49m2e+WQXpLXr9XYemQ=="
      },
      "Microsoft.IdentityModel.JsonWebTokens": {
        "type": "Transitive",
        "resolved": "6.6.0",
        "contentHash": "ZhzG2+nxbGDJ67vY0e9kuJEtPpA53EhkhXpLWlBOUzEGd085ojJT3XPLK74mC+mjsXpZqWj5pHtgbB77gSqJeg==",
        "dependencies": {
          "Microsoft.IdentityModel.Tokens": "6.6.0"
        }
      },
      "Microsoft.IdentityModel.Logging": {
        "type": "Transitive",
        "resolved": "6.6.0",
        "contentHash": "OWfHX7bXKTEBXcD9b+0Tx7dWBaqF4wht7RmS6q+9vAXHiNpRG/wkoFKhOp1Yus0Xd1xAXXHSkAKxgmn/SRD1KA=="
      },
      "Microsoft.IdentityModel.Tokens": {
        "type": "Transitive",
        "resolved": "6.6.0",
        "contentHash": "fNfhlY7AEB9y/jooK6xI1vH+7rmq7c2kTEk7j/5SSy25iHRB1twrG8+He9sHxBQqIXhrQliMEwi4GXZInzO4ww==",
        "dependencies": {
          "Microsoft.CSharp": "4.5.0",
          "Microsoft.IdentityModel.Logging": "6.6.0",
          "System.Security.Cryptography.Cng": "4.5.0"
        }
      },
      "System.Security.Cryptography.Cng": {
        "type": "Transitive",
        "resolved": "4.5.0",
        "contentHash": "WG3r7EyjUe9CMPFSs6bty5doUqT+q9pbI80hlNzo2SkPkZ4VTuZkGWjpp77JB8+uaL4DFPRdBsAY+DX3dBK92A=="
      }
    }
  }
}