{
  "version": 1,
  "dependencies": {
    ".NETCoreApp,Version=v5.0": {
      "Arbor.KVConfiguration.Schema.Json": {
        "type": "Direct",
        "requested": "[1.2.0-build.1617034280, )",
        "resolved": "1.2.0-build.1617034280",
        "contentHash": "fQL5mXIAkzi4BjTBTq+BSE30RDo1V+jDz6uGJG6co3k97xXa6Y9D92AO7RfbCooX14f9ryuZ5Tlm6DnGHebyJA==",
        "dependencies": {
          "Arbor.KVConfiguration.Core": "[1.1.6, 2.0.0)",
          "Newtonsoft.Json": "12.0.1"
        }
      },
      "JetBrains.Annotations": {
        "type": "Direct",
        "requested": "[2020.3.0, )",
        "resolved": "2020.3.0",
        "contentHash": "FnX06vtxuoZnhZdR6UHt5kJ7HUC/syODfGLnhPDn1x5sXvvepNyCl4jMtPUzJfsPWh7q0Jo+AIYz5xaVbbyikA=="
      },
      "Microsoft.Extensions.Primitives": {
        "type": "Direct",
        "requested": "[5.0.0, )",
        "resolved": "5.0.0",
        "contentHash": "cI/VWn9G1fghXrNDagX9nYaaB/nokkZn0HYAawGaELQrl8InSezfe9OnfPZLcJq3esXxygh3hkq2c3qoV3SDyQ=="
      },
      "System.Collections.Immutable": {
        "type": "Direct",
        "requested": "[5.0.0, )",
        "resolved": "5.0.0",
        "contentHash": "FXkLXiK0sVVewcso0imKQoOxjoPAj42R8HtjjbSjVPAzwDfzoyoznWxgA3c38LDbN9SJux1xXoXYAhz98j7r2g=="
      },
      "System.IdentityModel.Tokens.Jwt": {
        "type": "Direct",
        "requested": "[6.9.0, )",
        "resolved": "6.9.0",
        "contentHash": "05mu9HrBwrXbvSeR0pGXkbe2zseJBJ860IbTsuVSZQ3RC89Z3mqtLuoAdwWztAmRGY1Z/uhk277vqgd7cxCtDQ==",
        "dependencies": {
          "Microsoft.IdentityModel.JsonWebTokens": "6.9.0",
          "Microsoft.IdentityModel.Tokens": "6.9.0"
        }
      },
      "Arbor.KVConfiguration.Core": {
        "type": "Transitive",
        "resolved": "1.1.6",
        "contentHash": "DS3rU/45Me+4BMtXdJBMiMHiF7aUQof94tuRVBMnDQa+6fbYfRkwFcSXJZzDA6viDvqbcx7jTxSr59nVO3KXkA==",
        "dependencies": {
          "Microsoft.Extensions.Primitives": "[3.0.0, 6.0.0)",
          "System.Collections.Immutable": "[1.5.0, 6.0.0)"
        }
      },
      "Microsoft.CSharp": {
        "type": "Transitive",
        "resolved": "4.5.0",
        "contentHash": "kaj6Wb4qoMuH3HySFJhxwQfe8R/sJsNJnANrvv8WdFPMoNbKY5htfNscv+LHCu5ipz+49m2e+WQXpLXr9XYemQ=="
      },
      "Microsoft.Extensions.Caching.Abstractions": {
        "type": "Transitive",
        "resolved": "2.1.1",
        "contentHash": "LbT7Ry1waNBksnngFNdaNmEglQMJ8g7F6tbSoyoqpEW35W/Cj4YwURDVwoRS+jtyf6YKsTdPHV643jMMuJBi9g==",
        "dependencies": {
          "Microsoft.Extensions.Primitives": "2.1.1"
        }
      },
      "Microsoft.Extensions.Caching.Memory": {
        "type": "Transitive",
        "resolved": "2.1.1",
        "contentHash": "jR14GhHGmPzq7QChnYa3Uiu+s/QerwxbMPAlA0Ei0shDJlrRoD6FSb9hP8rmSX6oai9Z64SWbXlwBhi3L/vj9g==",
        "dependencies": {
          "Microsoft.Extensions.Caching.Abstractions": "2.1.1",
          "Microsoft.Extensions.DependencyInjection.Abstractions": "2.1.1",
          "Microsoft.Extensions.Options": "2.1.1"
        }
      },
      "Microsoft.Extensions.DependencyInjection.Abstractions": {
        "type": "Transitive",
        "resolved": "2.1.1",
        "contentHash": "MgYpU5cwZohUMKKg3sbPhvGG+eAZ/59E9UwPwlrUkyXU+PGzqwZg9yyQNjhxuAWmoNoFReoemeCku50prYSGzA=="
      },
      "Microsoft.Extensions.Options": {
        "type": "Transitive",
        "resolved": "2.1.1",
        "contentHash": "V7lXCU78lAbzaulCGFKojcCyG8RTJicEbiBkPJjFqiqXwndEBBIehdXRMWEVU3UtzQ1yDvphiWUL9th6/4gJ7w==",
        "dependencies": {
          "Microsoft.Extensions.DependencyInjection.Abstractions": "2.1.1",
          "Microsoft.Extensions.Primitives": "2.1.1"
        }
      },
      "Microsoft.IdentityModel.JsonWebTokens": {
        "type": "Transitive",
        "resolved": "6.9.0",
        "contentHash": "T7zUGhBqVJ58EGks+WUwMpqsHltp2SzgG3bvKLgfAcJ2xOEyyPPaxSb5gpkeQjah1fpjEp9KRSqf9LXuZR38XQ==",
        "dependencies": {
          "Microsoft.IdentityModel.Tokens": "6.9.0"
        }
      },
      "Microsoft.IdentityModel.Logging": {
        "type": "Transitive",
        "resolved": "6.9.0",
        "contentHash": "AKAD/4RJqICnzs50OOoUm2/mjPVmo4xL7wilvDqvNaeQGdEPJJ6yW7YbmJ+rulm6R/1X64PrO2rwXGXKRF1uHg=="
      },
      "Microsoft.IdentityModel.Tokens": {
        "type": "Transitive",
        "resolved": "6.9.0",
        "contentHash": "orR4LEqrSTCwoK6stozEiOd8mj2H7l8w7/hgdkB0qYLkoaw6DmYncBAWnwQtyDmr4Cn0c4gs/IanoMfkW3NP1Q==",
        "dependencies": {
          "Microsoft.CSharp": "4.5.0",
          "Microsoft.Extensions.Caching.Memory": "2.1.1",
          "Microsoft.IdentityModel.Logging": "6.9.0",
          "System.Security.Cryptography.Cng": "4.5.0"
        }
      },
      "Newtonsoft.Json": {
        "type": "Transitive",
        "resolved": "12.0.1",
        "contentHash": "pBR3wCgYWZGiaZDYP+HHYnalVnPJlpP1q55qvVb+adrDHmFMDc1NAKio61xTwftK3Pw5h7TZJPJEEVMd6ty8rg=="
      },
      "System.Security.Cryptography.Cng": {
        "type": "Transitive",
        "resolved": "4.5.0",
        "contentHash": "WG3r7EyjUe9CMPFSs6bty5doUqT+q9pbI80hlNzo2SkPkZ4VTuZkGWjpp77JB8+uaL4DFPRdBsAY+DX3dBK92A=="
      }
    }
  }
}