{
  "version": 1,
  "dependencies": {
    ".NETCoreApp,Version=v3.1": {
      "System.IdentityModel.Tokens.Jwt": {
        "type": "Direct",
        "requested": "[6.5.0, )",
        "resolved": "6.5.0",
        "contentHash": "x1I1BcZrgF8CPWuR8pu6ip9wiQVSULozPSJLyAwMPt6f9bW8/u43OGxiaqLHnA0ybHrpOz3Misiu/D97gsYb+A==",
        "dependencies": {
          "Microsoft.IdentityModel.JsonWebTokens": "6.5.0",
          "Microsoft.IdentityModel.Tokens": "6.5.0"
        }
      },
      "Microsoft.CSharp": {
        "type": "Transitive",
        "resolved": "4.5.0",
        "contentHash": "kaj6Wb4qoMuH3HySFJhxwQfe8R/sJsNJnANrvv8WdFPMoNbKY5htfNscv+LHCu5ipz+49m2e+WQXpLXr9XYemQ=="
      },
      "Microsoft.IdentityModel.JsonWebTokens": {
        "type": "Transitive",
        "resolved": "6.5.0",
        "contentHash": "9h0AqqcKck8pjrX1KCfm3pLrsH/nWa6Lt5G7kCee9bfbmMa6cxHOlLtgp9sp+hXuiHsjMv4YtpPCFEoFNsHwyA==",
        "dependencies": {
          "Microsoft.IdentityModel.Tokens": "6.5.0"
        }
      },
      "Microsoft.IdentityModel.Logging": {
        "type": "Transitive",
        "resolved": "6.5.0",
        "contentHash": "H1QRoz+tKrNcQfRWIREWrzWLAXXp2G8YuYndS3JNGJ05HIjYg9x04fbcfh/0zV7zLRDaNfJjpwLFQJ23L6S7oQ=="
      },
      "Microsoft.IdentityModel.Tokens": {
        "type": "Transitive",
        "resolved": "6.5.0",
        "contentHash": "43mUg9N8dTn8Eb8bRd4Z7cBOwAgJRSV3vOs76V45HJhQutodXGTH2JhLW601LFCEEjy5gH2Ab89A2OVeWyErLQ==",
        "dependencies": {
          "Microsoft.CSharp": "4.5.0",
          "Microsoft.IdentityModel.Logging": "6.5.0",
          "System.Security.Cryptography.Cng": "4.5.0"
        }
      },
      "System.Security.Cryptography.Cng": {
        "type": "Transitive",
        "resolved": "4.5.0",
        "contentHash": "WG3r7EyjUe9CMPFSs6bty5doUqT+q9pbI80hlNzo2SkPkZ4VTuZkGWjpp77JB8+uaL4DFPRdBsAY+DX3dBK92A=="
      }
    }
  }
}